
Microsoft Visual Studio Solution File, Format Version 12.00
# Visual Studio Version 17
VisualStudioVersion = 17.8.34330.188
MinimumVisualStudioVersion = 10.0.40219.1
Project("{FAE04EC0-301F-11D3-BF4B-00C04F79EFBC}") = "LINKQ", "LINKQ\LINKQ.csproj", "{4C8674FE-A05B-4BB3-8388-52B1E77FDA65}"
EndProject
Global
	GlobalSection(SolutionConfigurationPlatforms) = preSolution
		Debug|Any CPU = Debug|Any CPU
		Release|Any CPU = Release|Any CPU
	EndGlobalSection
	GlobalSection(ProjectConfigurationPlatforms) = postSolution
		{4C8674FE-A05B-4BB3-8388-52B1E77FDA65}.Debug|Any CPU.ActiveCfg = Debug|Any CPU
		{4C8674FE-A05B-4BB3-8388-52B1E77FDA65}.Debug|Any CPU.Build.0 = Debug|Any CPU
		{4C8674FE-A05B-4BB3-8388-52B1E77FDA65}.Release|Any CPU.ActiveCfg = Release|Any CPU
		{4C8674FE-A05B-4BB3-8388-52B1E77FDA65}.Release|Any CPU.Build.0 = Release|Any CPU
	EndGlobalSection
	GlobalSection(SolutionProperties) = preSolution
		HideSolutionNode = FALSE
	EndGlobalSection
	GlobalSection(ExtensibilityGlobals) = postSolution
		SolutionGuid = {E2607AD2-F650-4627-B553-FF668F287B08}
	EndGlobalSection
EndGlobal
